// !$*UTF8*$!
{
	archiveVersion = 1;
	classes = {
	};
	objectVersion = 50;
	objects = {

/* Begin PBXBuildFile section */
		903A461120D6A48900845C1B /* confetti.png in Resources */ = {isa = PBXBuildFile; fileRef = 903A461020D6A36200845C1B /* confetti.png */; };
		90E6CDBF20D14E010053A48E /* AppDelegate.swift in Sources */ = {isa = PBXBuildFile; fileRef = 90E6CDBE20D14E010053A48E /* AppDelegate.swift */; };
		90E6CDC120D14E010053A48E /* ViewController.swift in Sources */ = {isa = PBXBuildFile; fileRef = 90E6CDC020D14E010053A48E /* ViewController.swift */; };
		90E6CDC420D14E010053A48E /* Main.storyboard in Resources */ = {isa = PBXBuildFile; fileRef = 90E6CDC220D14E010053A48E /* Main.storyboard */; };
		90E6CDC620D14E020053A48E /* Assets.xcassets in Resources */ = {isa = PBXBuildFile; fileRef = 90E6CDC520D14E020053A48E /* Assets.xcassets */; };
		90E6CDC920D14E020053A48E /* LaunchScreen.storyboard in Resources */ = {isa = PBXBuildFile; fileRef = 90E6CDC720D14E020053A48E /* LaunchScreen.storyboard */; };
		90E6CDD320D14EB50053A48E /* MGPanController.swift in Sources */ = {isa = PBXBuildFile; fileRef = 90E6CDD120D14EB50053A48E /* MGPanController.swift */; };
		90E6CDD420D14EB50053A48E /* MGPanController.xib in Resources */ = {isa = PBXBuildFile; fileRef = 90E6CDD220D14EB50053A48E /* MGPanController.xib */; };
		90E6CDE120D15A6A0053A48E /* left_arrow_white.png in Resources */ = {isa = PBXBuildFile; fileRef = 90E6CDD720D15A6A0053A48E /* left_arrow_white.png */; };
		90E6CDE520D15A6A0053A48E /* right_arrow_white.png in Resources */ = {isa = PBXBuildFile; fileRef = 90E6CDDB20D15A6A0053A48E /* right_arrow_white.png */; };
/* End PBXBuildFile section */

/* Begin PBXFileReference section */
		903A461020D6A36200845C1B /* confetti.png */ = {isa = PBXFileReference; lastKnownFileType = image.png; path = confetti.png; sourceTree = "<group>"; };
		90E6CDBB20D14E010053A48E /* MGPanController.app */ = {isa = PBXFileReference; explicitFileType = wrapper.application; includeInIndex = 0; path = MGPanController.app; sourceTree = BUILT_PRODUCTS_DIR; };
		90E6CDBE20D14E010053A48E /* AppDelegate.swift */ = {isa = PBXFileReference; lastKnownFileType = sourcecode.swift; path = AppDelegate.swift; sourceTree = "<group>"; };
		90E6CDC020D14E010053A48E /* ViewController.swift */ = {isa = PBXFileReference; lastKnownFileType = sourcecode.swift; path = ViewController.swift; sourceTree = "<group>"; };
		90E6CDC320D14E010053A48E /* Base */ = {isa = PBXFileReference; lastKnownFileType = file.storyboard; name = Base; path = Base.lproj/Main.storyboard; sourceTree = "<group>"; };
		90E6CDC520D14E020053A48E /* Assets.xcassets */ = {isa = PBXFileReference; lastKnownFileType = folder.assetcatalog; path = Assets.xcassets; sourceTree = "<group>"; };
		90E6CDC820D14E020053A48E /* Base */ = {isa = PBXFileReference; lastKnownFileType = file.storyboard; name = Base; path = Base.lproj/LaunchScreen.storyboard; sourceTree = "<group>"; };
		90E6CDCA20D14E020053A48E /* Info.plist */ = {isa = PBXFileReference; lastKnownFileType = text.plist.xml; path = Info.plist; sourceTree = "<group>"; };
		90E6CDD120D14EB50053A48E /* MGPanController.swift */ = {isa = PBXFileReference; fileEncoding = 4; lastKnownFileType = sourcecode.swift; path = MGPanController.swift; sourceTree = "<group>"; };
		90E6CDD220D14EB50053A48E /* MGPanController.xib */ = {isa = PBXFileReference; fileEncoding = 4; lastKnownFileType = file.xib; path = MGPanController.xib; sourceTree = "<group>"; };
		90E6CDD720D15A6A0053A48E /* left_arrow_white.png */ = {isa = PBXFileReference; lastKnownFileType = image.png; path = left_arrow_white.png; sourceTree = "<group>"; };
		90E6CDDB20D15A6A0053A48E /* right_arrow_white.png */ = {isa = PBXFileReference; lastKnownFileType = image.png; path = right_arrow_white.png; sourceTree = "<group>"; };
/* End PBXFileReference section */

/* Begin PBXFrameworksBuildPhase section */
		90E6CDB820D14E010053A48E /* Frameworks */ = {
			isa = PBXFrameworksBuildPhase;
			buildActionMask = 2147483647;
			files = (
			);
			runOnlyForDeploymentPostprocessing = 0;
		};
/* End PBXFrameworksBuildPhase section */

/* Begin PBXGroup section */
		90E6CDB220D14E010053A48E = {
			isa = PBXGroup;
			children = (
				90E6CDBD20D14E010053A48E /* MGPanController */,
				90E6CDBC20D14E010053A48E /* Products */,
			);
			sourceTree = "<group>";
		};
		90E6CDBC20D14E010053A48E /* Products */ = {
			isa = PBXGroup;
			children = (
				90E6CDBB20D14E010053A48E /* MGPanController.app */,
			);
			name = Products;
			sourceTree = "<group>";
		};
		90E6CDBD20D14E010053A48E /* MGPanController */ = {
			isa = PBXGroup;
			children = (
				90E6CDD020D14EB50053A48E /* MGPanController */,
				90E6CDBE20D14E010053A48E /* AppDelegate.swift */,
				90E6CDC020D14E010053A48E /* ViewController.swift */,
				90E6CDC220D14E010053A48E /* Main.storyboard */,
				90E6CDC520D14E020053A48E /* Assets.xcassets */,
				90E6CDC720D14E020053A48E /* LaunchScreen.storyboard */,
				90E6CDCA20D14E020053A48E /* Info.plist */,
			);
			path = MGPanController;
			sourceTree = "<group>";
		};
		90E6CDD020D14EB50053A48E /* MGPanController */ = {
			isa = PBXGroup;
			children = (
				90E6CDD520D15A6A0053A48E /* Images */,
				90E6CDD120D14EB50053A48E /* MGPanController.swift */,
				90E6CDD220D14EB50053A48E /* MGPanController.xib */,
			);
			path = MGPanController;
			sourceTree = "<group>";
		};
		90E6CDD520D15A6A0053A48E /* Images */ = {
			isa = PBXGroup;
			children = (
				90E6CDD720D15A6A0053A48E /* left_arrow_white.png */,
				903A461020D6A36200845C1B /* confetti.png */,
				90E6CDDB20D15A6A0053A48E /* right_arrow_white.png */,
			);
			name = Images;
			path = ../../../MGAmznLikeController/MGAmznLikeController/Images;
			sourceTree = "<group>";
		};
/* End PBXGroup section */

/* Begin PBXNativeTarget section */
		90E6CDBA20D14E010053A48E /* MGPanController */ = {
			isa = PBXNativeTarget;
			buildConfigurationList = 90E6CDCD20D14E020053A48E /* Build configuration list for PBXNativeTarget "MGPanController" */;
			buildPhases = (
				90E6CDB720D14E010053A48E /* Sources */,
				90E6CDB820D14E010053A48E /* Frameworks */,
				90E6CDB920D14E010053A48E /* Resources */,
			);
			buildRules = (
			);
			dependencies = (
			);
			name = MGPanController;
			productName = MGPanController;
			productReference = 90E6CDBB20D14E010053A48E /* MGPanController.app */;
			productType = "com.apple.product-type.application";
		};
/* End PBXNativeTarget section */

/* Begin PBXProject section */
		90E6CDB320D14E010053A48E /* Project object */ = {
			isa = PBXProject;
			attributes = {
				LastSwiftUpdateCheck = 0940;
				LastUpgradeCheck = 0940;
				ORGANIZATIONNAME = "Marco Guerrieri";
				TargetAttributes = {
					90E6CDBA20D14E010053A48E = {
						CreatedOnToolsVersion = 9.4;
					};
				};
			};
			buildConfigurationList = 90E6CDB620D14E010053A48E /* Build configuration list for PBXProject "MGPanController" */;
			compatibilityVersion = "Xcode 9.3";
			developmentRegion = en;
			hasScannedForEncodings = 0;
			knownRegions = (
				en,
				Base,
			);
			mainGroup = 90E6CDB220D14E010053A48E;
			productRefGroup = 90E6CDBC20D14E010053A48E /* Products */;
			projectDirPath = "";
			projectRoot = "";
			targets = (
				90E6CDBA20D14E010053A48E /* MGPanController */,
			);
		};
/* End PBXProject section */

/* Begin PBXResourcesBuildPhase section */
		90E6CDB920D14E010053A48E /* Resources */ = {
			isa = PBXResourcesBuildPhase;
			buildActionMask = 2147483647;
			files = (
				90E6CDC920D14E020053A48E /* LaunchScreen.storyboard in Resources */,
				903A461120D6A48900845C1B /* confetti.png in Resources */,
				90E6CDC620D14E020053A48E /* Assets.xcassets in Resources */,
				90E6CDC420D14E010053A48E /* Main.storyboard in Resources */,
				90E6CDE120D15A6A0053A48E /* left_arrow_white.png in Resources */,
				90E6CDE520D15A6A0053A48E /* right_arrow_white.png in Resources */,
				90E6CDD420D14EB50053A48E /* MGPanController.xib in Resources */,
			);
			runOnlyForDeploymentPostprocessing = 0;
		};
/* End PBXResourcesBuildPhase section */

/* Begin PBXSourcesBuildPhase section */
		90E6CDB720D14E010053A48E /* Sources */ = {
			isa = PBXSourcesBuildPhase;
			buildActionMask = 2147483647;
			files = (
				90E6CDD320D14EB50053A48E /* MGPanController.swift in Sources */,
				90E6CDC120D14E010053A48E /* ViewController.swift in Sources */,
				90E6CDBF20D14E010053A48E /* AppDelegate.swift in Sources */,
			);
			runOnlyForDeploymentPostprocessing = 0;
		};
/* End PBXSourcesBuildPhase section */

/* Begin PBXVariantGroup section */
		90E6CDC220D14E010053A48E /* Main.storyboard */ = {
			isa = PBXVariantGroup;
			children = (
				90E6CDC320D14E010053A48E /* Base */,
			);
			name = Main.storyboard;
			sourceTree = "<group>";
		};
		90E6CDC720D14E020053A48E /* LaunchScreen.storyboard */ = {
			isa = PBXVariantGroup;
			children = (
				90E6CDC820D14E020053A48E /* Base */,
			);
			name = LaunchScreen.storyboard;
			sourceTree = "<group>";
		};
/* End PBXVariantGroup section */

/* Begin XCBuildConfiguration section */
		90E6CDCB20D14E020053A48E /* Debug */ = {
			isa = XCBuildConfiguration;
			buildSettings = {
				ALWAYS_SEARCH_USER_PATHS = NO;
				CLANG_ANALYZER_NONNULL = YES;
				CLANG_ANALYZER_NUMBER_OBJECT_CONVERSION = YES_AGGRESSIVE;
				CLANG_CXX_LANGUAGE_STANDARD = "gnu++14";
				CLANG_CXX_LIBRARY = "libc++";
				CLANG_ENABLE_MODULES = YES;
				CLANG_ENABLE_OBJC_ARC = YES;
				CLANG_ENABLE_OBJC_WEAK = YES;
				CLANG_WARN_BLOCK_CAPTURE_AUTORELEASING = YES;
				CLANG_WARN_BOOL_CONVERSION = YES;
				CLANG_WARN_COMMA = YES;
				CLANG_WARN_CONSTANT_CONVERSION = YES;
				CLANG_WARN_DEPRECATED_OBJC_IMPLEMENTATIONS = YES;
				CLANG_WARN_DIRECT_OBJC_ISA_USAGE = YES_ERROR;
				CLANG_WARN_DOCUMENTATION_COMMENTS = YES;
				CLANG_WARN_EMPTY_BODY = YES;
				CLANG_WARN_ENUM_CONVERSION = YES;
				CLANG_WARN_INFINITE_RECURSION = YES;
				CLANG_WARN_INT_CONVERSION = YES;
				CLANG_WARN_NON_LITERAL_NULL_CONVERSION = YES;
				CLANG_WARN_OBJC_IMPLICIT_RETAIN_SELF = YES;
				CLANG_WARN_OBJC_LITERAL_CONVERSION = YES;
				CLANG_WARN_OBJC_ROOT_CLASS = YES_ERROR;
				CLANG_WARN_RANGE_LOOP_ANALYSIS = YES;
				CLANG_WARN_STRICT_PROTOTYPES = YES;
				CLANG_WARN_SUSPICIOUS_MOVE = YES;
				CLANG_WARN_UNGUARDED_AVAILABILITY = YES_AGGRESSIVE;
				CLANG_WARN_UNREACHABLE_CODE = YES;
				CLANG_WARN__DUPLICATE_METHOD_MATCH = YES;
				CODE_SIGN_IDENTITY = "iPhone Developer";
				COPY_PHASE_STRIP = NO;
				DEBUG_INFORMATION_FORMAT = dwarf;
				ENABLE_STRICT_OBJC_MSGSEND = YES;
				ENABLE_TESTABILITY = YES;
				GCC_C_LANGUAGE_STANDARD = gnu11;
				GCC_DYNAMIC_NO_PIC = NO;
				GCC_NO_COMMON_BLOCKS = YES;
				GCC_OPTIMIZATION_LEVEL = 0;
				GCC_PREPROCESSOR_DEFINITIONS = (
					"DEBUG=1",
					"$(inherited)",
				);
				GCC_WARN_64_TO_32_BIT_CONVERSION = YES;
				GCC_WARN_ABOUT_RETURN_TYPE = YES_ERROR;
				GCC_WARN_UNDECLARED_SELECTOR = YES;
				GCC_WARN_UNINITIALIZED_AUTOS = YES_AGGRESSIVE;
				GCC_WARN_UNUSED_FUNCTION = YES;
				GCC_WARN_UNUSED_VARIABLE = YES;
				IPHONEOS_DEPLOYMENT_TARGET = 11.4;
				MTL_ENABLE_DEBUG_INFO = YES;
				ONLY_ACTIVE_ARCH = YES;
				SDKROOT = iphoneos;
				SWIFT_ACTIVE_COMPILATION_CONDITIONS = DEBUG;
				SWIFT_OPTIMIZATION_LEVEL = "-Onone";
			};
			name = Debug;
		};
		90E6CDCC20D14E020053A48E /* Release */ = {
			isa = XCBuildConfiguration;
			buildSettings = {
				ALWAYS_SEARCH_USER_PATHS = NO;
				CLANG_ANALYZER_NONNULL = YES;
				CLANG_ANALYZER_NUMBER_OBJECT_CONVERSION = YES_AGGRESSIVE;
				CLANG_CXX_LANGUAGE_STANDARD = "gnu++14";
				CLANG_CXX_LIBRARY = "libc++";
				CLANG_ENABLE_MODULES = YES;
				CLANG_ENABLE_OBJC_ARC = YES;
				CLANG_ENABLE_OBJC_WEAK = YES;
				CLANG_WARN_BLOCK_CAPTURE_AUTORELEASING = YES;
				CLANG_WARN_BOOL_CONVERSION = YES;
				CLANG_WARN_COMMA = YES;
				CLANG_WARN_CONSTANT_CONVERSION = YES;
				CLANG_WARN_DEPRECATED_OBJC_IMPLEMENTATIONS = YES;
				CLANG_WARN_DIRECT_OBJC_ISA_USAGE = YES_ERROR;
				CLANG_WARN_DOCUMENTATION_COMMENTS = YES;
				CLANG_WARN_EMPTY_BODY = YES;
				CLANG_WARN_ENUM_CONVERSION = YES;
				CLANG_WARN_INFINITE_RECURSION = YES;
				CLANG_WARN_INT_CONVERSION = YES;
				CLANG_WARN_NON_LITERAL_NULL_CONVERSION = YES;
				CLANG_WARN_OBJC_IMPLICIT_RETAIN_SELF = YES;
				CLANG_WARN_OBJC_LITERAL_CONVERSION = YES;
				CLANG_WARN_OBJC_ROOT_CLASS = YES_ERROR;
				CLANG_WARN_RANGE_LOOP_ANALYSIS = YES;
				CLANG_WARN_STRICT_PROTOTYPES = YES;
				CLANG_WARN_SUSPICIOUS_MOVE = YES;
				CLANG_WARN_UNGUARDED_AVAILABILITY = YES_AGGRESSIVE;
				CLANG_WARN_UNREACHABLE_CODE = YES;
				CLANG_WARN__DUPLICATE_METHOD_MATCH = YES;
				CODE_SIGN_IDENTITY = "iPhone Developer";
				COPY_PHASE_STRIP = NO;
				DEBUG_INFORMATION_FORMAT = "dwarf-with-dsym";
				ENABLE_NS_ASSERTIONS = NO;
				ENABLE_STRICT_OBJC_MSGSEND = YES;
				GCC_C_LANGUAGE_STANDARD = gnu11;
				GCC_NO_COMMON_BLOCKS = YES;
				GCC_WARN_64_TO_32_BIT_CONVERSION = YES;
				GCC_WARN_ABOUT_RETURN_TYPE = YES_ERROR;
				GCC_WARN_UNDECLARED_SELECTOR = YES;
				GCC_WARN_UNINITIALIZED_AUTOS = YES_AGGRESSIVE;
				GCC_WARN_UNUSED_FUNCTION = YES;
				GCC_WARN_UNUSED_VARIABLE = YES;
				IPHONEOS_DEPLOYMENT_TARGET = 11.4;
				MTL_ENABLE_DEBUG_INFO = NO;
				SDKROOT = iphoneos;
				SWIFT_COMPILATION_MODE = wholemodule;
				SWIFT_OPTIMIZATION_LEVEL = "-O";
				VALIDATE_PRODUCT = YES;
			};
			name = Release;
		};
		90E6CDCE20D14E020053A48E /* Debug */ = {
			isa = XCBuildConfiguration;
			buildSettings = {
				ASSETCATALOG_COMPILER_APPICON_NAME = AppIcon;
				CODE_SIGN_STYLE = Automatic;
				DEVELOPMENT_TEAM = 29R6UT4TC7;
				INFOPLIST_FILE = MGPanController/Info.plist;
				IPHONEOS_DEPLOYMENT_TARGET = 10.0;
				LD_RUNPATH_SEARCH_PATHS = (
					"$(inherited)",
					"@executable_path/Frameworks",
				);
				PRODUCT_BUNDLE_IDENTIFIER = it.mg.MGPanController;
				PRODUCT_NAME = "$(TARGET_NAME)";
				SWIFT_VERSION = 4.0;
				TARGETED_DEVICE_FAMILY = "1,2";
			};
			name = Debug;
		};
		90E6CDCF20D14E020053A48E /* Release */ = {
			isa = XCBuildConfiguration;
			buildSettings = {
				ASSETCATALOG_COMPILER_APPICON_NAME = AppIcon;
				CODE_SIGN_STYLE = Automatic;
				DEVELOPMENT_TEAM = 29R6UT4TC7;
				INFOPLIST_FILE = MGPanController/Info.plist;
				IPHONEOS_DEPLOYMENT_TARGET = 10.0;
				LD_RUNPATH_SEARCH_PATHS = (
					"$(inherited)",
					"@executable_path/Frameworks",
				);
				PRODUCT_BUNDLE_IDENTIFIER = it.mg.MGPanController;
				PRODUCT_NAME = "$(TARGET_NAME)";
				SWIFT_VERSION = 4.0;
				TARGETED_DEVICE_FAMILY = "1,2";
			};
			name = Release;
		};
/* End XCBuildConfiguration section */

/* Begin XCConfigurationList section */
		90E6CDB620D14E010053A48E /* Build configuration list for PBXProject "MGPanController" */ = {
			isa = XCConfigurationList;
			buildConfigurations = (
				90E6CDCB20D14E020053A48E /* Debug */,
				90E6CDCC20D14E020053A48E /* Release */,
			);
			defaultConfigurationIsVisible = 0;
			defaultConfigurationName = Release;
		};
		90E6CDCD20D14E020053A48E /* Build configuration list for PBXNativeTarget "MGPanController" */ = {
			isa = XCConfigurationList;
			buildConfigurations = (
				90E6CDCE20D14E020053A48E /* Debug */,
				90E6CDCF20D14E020053A48E /* Release */,
			);
			defaultConfigurationIsVisible = 0;
			defaultConfigurationName = Release;
		};
/* End XCConfigurationList section */
	};
	rootObject = 90E6CDB320D14E010053A48E /* Project object */;
}
